// !$*UTF8*$!
{
	archiveVersion = 1;
	classes = {
	};
	objectVersion = 52;
	objects = {

/* Begin PBXBuildFile section */
		B791F6772525C70E00C9EF43 /* DateHeader.swift in Sources */ = {isa = PBXBuildFile; fileRef = B791F6762525C70E00C9EF43 /* DateHeader.swift */; };
		B791F67A2525CF7900C9EF43 /* Duties.json in Resources */ = {isa = PBXBuildFile; fileRef = B791F6792525CF7800C9EF43 /* Duties.json */; };
		B791F6802525D14700C9EF43 /* DutiesListModel.swift in Sources */ = {isa = PBXBuildFile; fileRef = B791F67F2525D14700C9EF43 /* DutiesListModel.swift */; };
		B791F6852525D37700C9EF43 /* DutiesList+Data.swift in Sources */ = {isa = PBXBuildFile; fileRef = B791F6842525D37700C9EF43 /* DutiesList+Data.swift */; };
		B791F6882525D4B300C9EF43 /* Utils.swift in Sources */ = {isa = PBXBuildFile; fileRef = B791F6872525D4B300C9EF43 /* Utils.swift */; };
		B791F6912525FFF600C9EF43 /* DutiesTC.swift in Sources */ = {isa = PBXBuildFile; fileRef = B791F6902525FFF600C9EF43 /* DutiesTC.swift */; };
		B7F0226F2525AABB00C8F1E6 /* AppDelegate.swift in Sources */ = {isa = PBXBuildFile; fileRef = B7F0226E2525AABB00C8F1E6 /* AppDelegate.swift */; };
		B7F022712525AABB00C8F1E6 /* SceneDelegate.swift in Sources */ = {isa = PBXBuildFile; fileRef = B7F022702525AABB00C8F1E6 /* SceneDelegate.swift */; };
		B7F022732525AABB00C8F1E6 /* ViewController.swift in Sources */ = {isa = PBXBuildFile; fileRef = B7F022722525AABB00C8F1E6 /* ViewController.swift */; };
		B7F022762525AABB00C8F1E6 /* Main.storyboard in Resources */ = {isa = PBXBuildFile; fileRef = B7F022742525AABB00C8F1E6 /* Main.storyboard */; };
		B7F022782525AAC000C8F1E6 /* Assets.xcassets in Resources */ = {isa = PBXBuildFile; fileRef = B7F022772525AAC000C8F1E6 /* Assets.xcassets */; };
		B7F0227B2525AAC000C8F1E6 /* LaunchScreen.storyboard in Resources */ = {isa = PBXBuildFile; fileRef = B7F022792525AAC000C8F1E6 /* LaunchScreen.storyboard */; };
		B7F022852525AB7B00C8F1E6 /* JTAppleCalendar in Frameworks */ = {isa = PBXBuildFile; productRef = B7F022842525AB7B00C8F1E6 /* JTAppleCalendar */; };
		B7F0228F2525B39700C8F1E6 /* DateCell.swift in Sources */ = {isa = PBXBuildFile; fileRef = B7F0228E2525B39700C8F1E6 /* DateCell.swift */; };
		B7FE2CBC25279CF4005A6A1B /* ActionProtocols.swift in Sources */ = {isa = PBXBuildFile; fileRef = B7FE2CBB25279CF4005A6A1B /* ActionProtocols.swift */; };
		B7FE2CCF25282AAC005A6A1B /* Extensions.swift in Sources */ = {isa = PBXBuildFile; fileRef = B7FE2CCE25282AAC005A6A1B /* Extensions.swift */; };
/* End PBXBuildFile section */

/* Begin PBXFileReference section */
		B791F6762525C70E00C9EF43 /* DateHeader.swift */ = {isa = PBXFileReference; lastKnownFileType = sourcecode.swift; path = DateHeader.swift; sourceTree = "<group>"; };
		B791F6792525CF7800C9EF43 /* Duties.json */ = {isa = PBXFileReference; fileEncoding = 4; lastKnownFileType = text.json; path = Duties.json; sourceTree = "<group>"; };
		B791F67F2525D14700C9EF43 /* DutiesListModel.swift */ = {isa = PBXFileReference; lastKnownFileType = sourcecode.swift; path = DutiesListModel.swift; sourceTree = "<group>"; };
		B791F6842525D37700C9EF43 /* DutiesList+Data.swift */ = {isa = PBXFileReference; lastKnownFileType = sourcecode.swift; path = "DutiesList+Data.swift"; sourceTree = "<group>"; };
		B791F6872525D4B300C9EF43 /* Utils.swift */ = {isa = PBXFileReference; lastKnownFileType = sourcecode.swift; path = Utils.swift; sourceTree = "<group>"; };
		B791F6902525FFF600C9EF43 /* DutiesTC.swift */ = {isa = PBXFileReference; lastKnownFileType = sourcecode.swift; path = DutiesTC.swift; sourceTree = "<group>"; };
		B7F0226B2525AABB00C8F1E6 /* Assignment.app */ = {isa = PBXFileReference; explicitFileType = wrapper.application; includeInIndex = 0; path = Assignment.app; sourceTree = BUILT_PRODUCTS_DIR; };
		B7F0226E2525AABB00C8F1E6 /* AppDelegate.swift */ = {isa = PBXFileReference; lastKnownFileType = sourcecode.swift; path = AppDelegate.swift; sourceTree = "<group>"; };
		B7F022702525AABB00C8F1E6 /* SceneDelegate.swift */ = {isa = PBXFileReference; lastKnownFileType = sourcecode.swift; path = SceneDelegate.swift; sourceTree = "<group>"; };
		B7F022722525AABB00C8F1E6 /* ViewController.swift */ = {isa = PBXFileReference; lastKnownFileType = sourcecode.swift; path = ViewController.swift; sourceTree = "<group>"; };
		B7F022752525AABB00C8F1E6 /* Base */ = {isa = PBXFileReference; lastKnownFileType = file.storyboard; name = Base; path = Base.lproj/Main.storyboard; sourceTree = "<group>"; };
		B7F022772525AAC000C8F1E6 /* Assets.xcassets */ = {isa = PBXFileReference; lastKnownFileType = folder.assetcatalog; path = Assets.xcassets; sourceTree = "<group>"; };
		B7F0227A2525AAC000C8F1E6 /* Base */ = {isa = PBXFileReference; lastKnownFileType = file.storyboard; name = Base; path = Base.lproj/LaunchScreen.storyboard; sourceTree = "<group>"; };
		B7F0227C2525AAC000C8F1E6 /* Info.plist */ = {isa = PBXFileReference; lastKnownFileType = text.plist.xml; path = Info.plist; sourceTree = "<group>"; };
		B7F0228E2525B39700C8F1E6 /* DateCell.swift */ = {isa = PBXFileReference; lastKnownFileType = sourcecode.swift; path = DateCell.swift; sourceTree = "<group>"; };
		B7FE2CBB25279CF4005A6A1B /* ActionProtocols.swift */ = {isa = PBXFileReference; lastKnownFileType = sourcecode.swift; path = ActionProtocols.swift; sourceTree = "<group>"; };
		B7FE2CCE25282AAC005A6A1B /* Extensions.swift */ = {isa = PBXFileReference; lastKnownFileType = sourcecode.swift; path = Extensions.swift; sourceTree = "<group>"; };
/* End PBXFileReference section */

/* Begin PBXFrameworksBuildPhase section */
		B7F022682525AABB00C8F1E6 /* Frameworks */ = {
			isa = PBXFrameworksBuildPhase;
			buildActionMask = 2147483647;
			files = (
				B7F022852525AB7B00C8F1E6 /* JTAppleCalendar in Frameworks */,
			);
			runOnlyForDeploymentPostprocessing = 0;
		};
/* End PBXFrameworksBuildPhase section */

/* Begin PBXGroup section */
		B791F6752525C6EE00C9EF43 /* HeaderView */ = {
			isa = PBXGroup;
			children = (
				B791F6762525C70E00C9EF43 /* DateHeader.swift */,
			);
			path = HeaderView;
			sourceTree = "<group>";
		};
		B791F67E2525D12600C9EF43 /* Model */ = {
			isa = PBXGroup;
			children = (
				B791F67F2525D14700C9EF43 /* DutiesListModel.swift */,
				B791F6842525D37700C9EF43 /* DutiesList+Data.swift */,
			);
			path = Model;
			sourceTree = "<group>";
		};
		B791F68D2525FFC900C9EF43 /* CollectionView */ = {
			isa = PBXGroup;
			children = (
				B7F0228E2525B39700C8F1E6 /* DateCell.swift */,
			);
			path = CollectionView;
			sourceTree = "<group>";
		};
		B791F68E2525FFD700C9EF43 /* TableView */ = {
			isa = PBXGroup;
			children = (
				B791F6902525FFF600C9EF43 /* DutiesTC.swift */,
			);
			path = TableView;
			sourceTree = "<group>";
		};
		B791F693252605D200C9EF43 /* Helper */ = {
			isa = PBXGroup;
			children = (
				B7FE2CBB25279CF4005A6A1B /* ActionProtocols.swift */,
				B7FE2CCE25282AAC005A6A1B /* Extensions.swift */,
			);
			path = Helper;
			sourceTree = "<group>";
		};
		B7F022622525AABB00C8F1E6 = {
			isa = PBXGroup;
			children = (
				B7F0226D2525AABB00C8F1E6 /* Assignment */,
				B7F0226C2525AABB00C8F1E6 /* Products */,
			);
			sourceTree = "<group>";
		};
		B7F0226C2525AABB00C8F1E6 /* Products */ = {
			isa = PBXGroup;
			children = (
				B7F0226B2525AABB00C8F1E6 /* Assignment.app */,
			);
			name = Products;
			sourceTree = "<group>";
		};
		B7F0226D2525AABB00C8F1E6 /* Assignment */ = {
			isa = PBXGroup;
			children = (
				B7F0228B2525B30800C8F1E6 /* AppDelegate */,
				B791F693252605D200C9EF43 /* Helper */,
				B7F0228A2525B2BA00C8F1E6 /* Utilities */,
				B791F67E2525D12600C9EF43 /* Model */,
				B7F022892525B2A700C8F1E6 /* Controller */,
				B7F022882525B2A000C8F1E6 /* View */,
				B7F0228D2525B33100C8F1E6 /* Resources */,
				B7F0227C2525AAC000C8F1E6 /* Info.plist */,
			);
			path = Assignment;
			sourceTree = "<group>";
		};
		B7F022872525B29400C8F1E6 /* Cells */ = {
			isa = PBXGroup;
			children = (
				B791F68E2525FFD700C9EF43 /* TableView */,
				B791F68D2525FFC900C9EF43 /* CollectionView */,
			);
			path = Cells;
			sourceTree = "<group>";
		};
		B7F022882525B2A000C8F1E6 /* View */ = {
			isa = PBXGroup;
			children = (
				B791F6752525C6EE00C9EF43 /* HeaderView */,
				B7F0228C2525B31F00C8F1E6 /* Storyboard */,
				B7F022872525B29400C8F1E6 /* Cells */,
			);
			path = View;
			sourceTree = "<group>";
		};
		B7F022892525B2A700C8F1E6 /* Controller */ = {
			isa = PBXGroup;
			children = (
				B7F022722525AABB00C8F1E6 /* ViewController.swift */,
			);
			path = Controller;
			sourceTree = "<group>";
		};
		B7F0228A2525B2BA00C8F1E6 /* Utilities */ = {
			isa = PBXGroup;
			children = (
				B791F6872525D4B300C9EF43 /* Utils.swift */,
			);
			path = Utilities;
			sourceTree = "<group>";
		};
		B7F0228B2525B30800C8F1E6 /* AppDelegate */ = {
			isa = PBXGroup;
			children = (
				B7F0226E2525AABB00C8F1E6 /* AppDelegate.swift */,
				B7F022702525AABB00C8F1E6 /* SceneDelegate.swift */,
			);
			path = AppDelegate;
			sourceTree = "<group>";
		};
		B7F0228C2525B31F00C8F1E6 /* Storyboard */ = {
			isa = PBXGroup;
			children = (
				B7F022742525AABB00C8F1E6 /* Main.storyboard */,
				B7F022792525AAC000C8F1E6 /* LaunchScreen.storyboard */,
			);
			path = Storyboard;
			sourceTree = "<group>";
		};
		B7F0228D2525B33100C8F1E6 /* Resources */ = {
			isa = PBXGroup;
			children = (
				B791F6792525CF7800C9EF43 /* Duties.json */,
				B7F022772525AAC000C8F1E6 /* Assets.xcassets */,
			);
			path = Resources;
			sourceTree = "<group>";
		};
/* End PBXGroup section */

/* Begin PBXNativeTarget section */
		B7F0226A2525AABB00C8F1E6 /* Assignment */ = {
			isa = PBXNativeTarget;
			buildConfigurationList = B7F0227F2525AAC000C8F1E6 /* Build configuration list for PBXNativeTarget "Assignment" */;
			buildPhases = (
				B7F022672525AABB00C8F1E6 /* Sources */,
				B7F022682525AABB00C8F1E6 /* Frameworks */,
				B7F022692525AABB00C8F1E6 /* Resources */,
			);
			buildRules = (
			);
			dependencies = (
			);
			name = Assignment;
			packageProductDependencies = (
				B7F022842525AB7B00C8F1E6 /* JTAppleCalendar */,
			);
			productName = Assignment;
			productReference = B7F0226B2525AABB00C8F1E6 /* Assignment.app */;
			productType = "com.apple.product-type.application";
		};
/* End PBXNativeTarget section */

/* Begin PBXProject section */
		B7F022632525AABB00C8F1E6 /* Project object */ = {
			isa = PBXProject;
			attributes = {
				LastSwiftUpdateCheck = 1200;
				LastUpgradeCheck = 1200;
				TargetAttributes = {
					B7F0226A2525AABB00C8F1E6 = {
						CreatedOnToolsVersion = 12.0;
					};
				};
			};
			buildConfigurationList = B7F022662525AABB00C8F1E6 /* Build configuration list for PBXProject "Assignment" */;
			compatibilityVersion = "Xcode 9.3";
			developmentRegion = en;
			hasScannedForEncodings = 0;
			knownRegions = (
				en,
				Base,
			);
			mainGroup = B7F022622525AABB00C8F1E6;
			packageReferences = (
				B7F022832525AB7B00C8F1E6 /* XCRemoteSwiftPackageReference "JTAppleCalendar" */,
			);
			productRefGroup = B7F0226C2525AABB00C8F1E6 /* Products */;
			projectDirPath = "";
			projectRoot = "";
			targets = (
				B7F0226A2525AABB00C8F1E6 /* Assignment */,
			);
		};
/* End PBXProject section */

/* Begin PBXResourcesBuildPhase section */
		B7F022692525AABB00C8F1E6 /* Resources */ = {
			isa = PBXResourcesBuildPhase;
			buildActionMask = 2147483647;
			files = (
				B7F0227B2525AAC000C8F1E6 /* LaunchScreen.storyboard in Resources */,
				B791F67A2525CF7900C9EF43 /* Duties.json in Resources */,
				B7F022782525AAC000C8F1E6 /* Assets.xcassets in Resources */,
				B7F022762525AABB00C8F1E6 /* Main.storyboard in Resources */,
			);
			runOnlyForDeploymentPostprocessing = 0;
		};
/* End PBXResourcesBuildPhase section */

/* Begin PBXSourcesBuildPhase section */
		B7F022672525AABB00C8F1E6 /* Sources */ = {
			isa = PBXSourcesBuildPhase;
			buildActionMask = 2147483647;
			files = (
				B791F6912525FFF600C9EF43 /* DutiesTC.swift in Sources */,
				B791F6772525C70E00C9EF43 /* DateHeader.swift in Sources */,
				B7FE2CBC25279CF4005A6A1B /* ActionProtocols.swift in Sources */,
				B791F6802525D14700C9EF43 /* DutiesListModel.swift in Sources */,
				B7F022732525AABB00C8F1E6 /* ViewController.swift in Sources */,
				B7F0226F2525AABB00C8F1E6 /* AppDelegate.swift in Sources */,
				B7FE2CCF25282AAC005A6A1B /* Extensions.swift in Sources */,
				B7F022712525AABB00C8F1E6 /* SceneDelegate.swift in Sources */,
				B791F6852525D37700C9EF43 /* DutiesList+Data.swift in Sources */,
				B7F0228F2525B39700C8F1E6 /* DateCell.swift in Sources */,
				B791F6882525D4B300C9EF43 /* Utils.swift in Sources */,
			);
			runOnlyForDeploymentPostprocessing = 0;
		};
/* End PBXSourcesBuildPhase section */

/* Begin PBXVariantGroup section */
		B7F022742525AABB00C8F1E6 /* Main.storyboard */ = {
			isa = PBXVariantGroup;
			children = (
				B7F022752525AABB00C8F1E6 /* Base */,
			);
			name = Main.storyboard;
			sourceTree = "<group>";
		};
		B7F022792525AAC000C8F1E6 /* LaunchScreen.storyboard */ = {
			isa = PBXVariantGroup;
			children = (
				B7F0227A2525AAC000C8F1E6 /* Base */,
			);
			name = LaunchScreen.storyboard;
			sourceTree = "<group>";
		};
/* End PBXVariantGroup section */

/* Begin XCBuildConfiguration section */
		B7F0227D2525AAC000C8F1E6 /* Debug */ = {
			isa = XCBuildConfiguration;
			buildSettings = {
				ALWAYS_SEARCH_USER_PATHS = NO;
				CLANG_ANALYZER_NONNULL = YES;
				CLANG_ANALYZER_NUMBER_OBJECT_CONVERSION = YES_AGGRESSIVE;
				CLANG_CXX_LANGUAGE_STANDARD = "gnu++14";
				CLANG_CXX_LIBRARY = "libc++";
				CLANG_ENABLE_MODULES = YES;
				CLANG_ENABLE_OBJC_ARC = YES;
				CLANG_ENABLE_OBJC_WEAK = YES;
				CLANG_WARN_BLOCK_CAPTURE_AUTORELEASING = YES;
				CLANG_WARN_BOOL_CONVERSION = YES;
				CLANG_WARN_COMMA = YES;
				CLANG_WARN_CONSTANT_CONVERSION = YES;
				CLANG_WARN_DEPRECATED_OBJC_IMPLEMENTATIONS = YES;
				CLANG_WARN_DIRECT_OBJC_ISA_USAGE = YES_ERROR;
				CLANG_WARN_DOCUMENTATION_COMMENTS = YES;
				CLANG_WARN_EMPTY_BODY = YES;
				CLANG_WARN_ENUM_CONVERSION = YES;
				CLANG_WARN_INFINITE_RECURSION = YES;
				CLANG_WARN_INT_CONVERSION = YES;
				CLANG_WARN_NON_LITERAL_NULL_CONVERSION = YES;
				CLANG_WARN_OBJC_IMPLICIT_RETAIN_SELF = YES;
				CLANG_WARN_OBJC_LITERAL_CONVERSION = YES;
				CLANG_WARN_OBJC_ROOT_CLASS = YES_ERROR;
				CLANG_WARN_QUOTED_INCLUDE_IN_FRAMEWORK_HEADER = YES;
				CLANG_WARN_RANGE_LOOP_ANALYSIS = YES;
				CLANG_WARN_STRICT_PROTOTYPES = YES;
				CLANG_WARN_SUSPICIOUS_MOVE = YES;
				CLANG_WARN_UNGUARDED_AVAILABILITY = YES_AGGRESSIVE;
				CLANG_WARN_UNREACHABLE_CODE = YES;
				CLANG_WARN__DUPLICATE_METHOD_MATCH = YES;
				COPY_PHASE_STRIP = NO;
				DEBUG_INFORMATION_FORMAT = dwarf;
				ENABLE_STRICT_OBJC_MSGSEND = YES;
				ENABLE_TESTABILITY = YES;
				GCC_C_LANGUAGE_STANDARD = gnu11;
				GCC_DYNAMIC_NO_PIC = NO;
				GCC_NO_COMMON_BLOCKS = YES;
				GCC_OPTIMIZATION_LEVEL = 0;
				GCC_PREPROCESSOR_DEFINITIONS = (
					"DEBUG=1",
					"$(inherited)",
				);
				GCC_WARN_64_TO_32_BIT_CONVERSION = YES;
				GCC_WARN_ABOUT_RETURN_TYPE = YES_ERROR;
				GCC_WARN_UNDECLARED_SELECTOR = YES;
				GCC_WARN_UNINITIALIZED_AUTOS = YES_AGGRESSIVE;
				GCC_WARN_UNUSED_FUNCTION = YES;
				GCC_WARN_UNUSED_VARIABLE = YES;
				IPHONEOS_DEPLOYMENT_TARGET = 14.0;
				MTL_ENABLE_DEBUG_INFO = INCLUDE_SOURCE;
				MTL_FAST_MATH = YES;
				ONLY_ACTIVE_ARCH = YES;
				SDKROOT = iphoneos;
				SWIFT_ACTIVE_COMPILATION_CONDITIONS = DEBUG;
				SWIFT_OPTIMIZATION_LEVEL = "-Onone";
			};
			name = Debug;
		};
		B7F0227E2525AAC000C8F1E6 /* Release */ = {
			isa = XCBuildConfiguration;
			buildSettings = {
				ALWAYS_SEARCH_USER_PATHS = NO;
				CLANG_ANALYZER_NONNULL = YES;
				CLANG_ANALYZER_NUMBER_OBJECT_CONVERSION = YES_AGGRESSIVE;
				CLANG_CXX_LANGUAGE_STANDARD = "gnu++14";
				CLANG_CXX_LIBRARY = "libc++";
				CLANG_ENABLE_MODULES = YES;
				CLANG_ENABLE_OBJC_ARC = YES;
				CLANG_ENABLE_OBJC_WEAK = YES;
				CLANG_WARN_BLOCK_CAPTURE_AUTORELEASING = YES;
				CLANG_WARN_BOOL_CONVERSION = YES;
				CLANG_WARN_COMMA = YES;
				CLANG_WARN_CONSTANT_CONVERSION = YES;
				CLANG_WARN_DEPRECATED_OBJC_IMPLEMENTATIONS = YES;
				CLANG_WARN_DIRECT_OBJC_ISA_USAGE = YES_ERROR;
				CLANG_WARN_DOCUMENTATION_COMMENTS = YES;
				CLANG_WARN_EMPTY_BODY = YES;
				CLANG_WARN_ENUM_CONVERSION = YES;
				CLANG_WARN_INFINITE_RECURSION = YES;
				CLANG_WARN_INT_CONVERSION = YES;
				CLANG_WARN_NON_LITERAL_NULL_CONVERSION = YES;
				CLANG_WARN_OBJC_IMPLICIT_RETAIN_SELF = YES;
				CLANG_WARN_OBJC_LITERAL_CONVERSION = YES;
				CLANG_WARN_OBJC_ROOT_CLASS = YES_ERROR;
				CLANG_WARN_QUOTED_INCLUDE_IN_FRAMEWORK_HEADER = YES;
				CLANG_WARN_RANGE_LOOP_ANALYSIS = YES;
				CLANG_WARN_STRICT_PROTOTYPES = YES;
				CLANG_WARN_SUSPICIOUS_MOVE = YES;
				CLANG_WARN_UNGUARDED_AVAILABILITY = YES_AGGRESSIVE;
				CLANG_WARN_UNREACHABLE_CODE = YES;
				CLANG_WARN__DUPLICATE_METHOD_MATCH = YES;
				COPY_PHASE_STRIP = NO;
				DEBUG_INFORMATION_FORMAT = "dwarf-with-dsym";
				ENABLE_NS_ASSERTIONS = NO;
				ENABLE_STRICT_OBJC_MSGSEND = YES;
				GCC_C_LANGUAGE_STANDARD = gnu11;
				GCC_NO_COMMON_BLOCKS = YES;
				GCC_WARN_64_TO_32_BIT_CONVERSION = YES;
				GCC_WARN_ABOUT_RETURN_TYPE = YES_ERROR;
				GCC_WARN_UNDECLARED_SELECTOR = YES;
				GCC_WARN_UNINITIALIZED_AUTOS = YES_AGGRESSIVE;
				GCC_WARN_UNUSED_FUNCTION = YES;
				GCC_WARN_UNUSED_VARIABLE = YES;
				IPHONEOS_DEPLOYMENT_TARGET = 14.0;
				MTL_ENABLE_DEBUG_INFO = NO;
				MTL_FAST_MATH = YES;
				SDKROOT = iphoneos;
				SWIFT_COMPILATION_MODE = wholemodule;
				SWIFT_OPTIMIZATION_LEVEL = "-O";
				VALIDATE_PRODUCT = YES;
			};
			name = Release;
		};
		B7F022802525AAC000C8F1E6 /* Debug */ = {
			isa = XCBuildConfiguration;
			buildSettings = {
				ASSETCATALOG_COMPILER_APPICON_NAME = AppIcon;
				ASSETCATALOG_COMPILER_GLOBAL_ACCENT_COLOR_NAME = AccentColor;
				CODE_SIGN_STYLE = Automatic;
				INFOPLIST_FILE = Assignment/Info.plist;
				LD_RUNPATH_SEARCH_PATHS = (
					"$(inherited)",
					"@executable_path/Frameworks",
				);
				PRODUCT_BUNDLE_IDENTIFIER = com.rohitKumar.Assignment;
				PRODUCT_NAME = "$(TARGET_NAME)";
				SWIFT_VERSION = 5.0;
				TARGETED_DEVICE_FAMILY = "1,2";
			};
			name = Debug;
		};
		B7F022812525AAC000C8F1E6 /* Release */ = {
			isa = XCBuildConfiguration;
			buildSettings = {
				ASSETCATALOG_COMPILER_APPICON_NAME = AppIcon;
				ASSETCATALOG_COMPILER_GLOBAL_ACCENT_COLOR_NAME = AccentColor;
				CODE_SIGN_STYLE = Automatic;
				INFOPLIST_FILE = Assignment/Info.plist;
				LD_RUNPATH_SEARCH_PATHS = (
					"$(inherited)",
					"@executable_path/Frameworks",
				);
				PRODUCT_BUNDLE_IDENTIFIER = com.rohitKumar.Assignment;
				PRODUCT_NAME = "$(TARGET_NAME)";
				SWIFT_VERSION = 5.0;
				TARGETED_DEVICE_FAMILY = "1,2";
			};
			name = Release;
		};
/* End XCBuildConfiguration section */

/* Begin XCConfigurationList section */
		B7F022662525AABB00C8F1E6 /* Build configuration list for PBXProject "Assignment" */ = {
			isa = XCConfigurationList;
			buildConfigurations = (
				B7F0227D2525AAC000C8F1E6 /* Debug */,
				B7F0227E2525AAC000C8F1E6 /* Release */,
			);
			defaultConfigurationIsVisible = 0;
			defaultConfigurationName = Release;
		};
		B7F0227F2525AAC000C8F1E6 /* Build configuration list for PBXNativeTarget "Assignment" */ = {
			isa = XCConfigurationList;
			buildConfigurations = (
				B7F022802525AAC000C8F1E6 /* Debug */,
				B7F022812525AAC000C8F1E6 /* Release */,
			);
			defaultConfigurationIsVisible = 0;
			defaultConfigurationName = Release;
		};
/* End XCConfigurationList section */

/* Begin XCRemoteSwiftPackageReference section */
		B7F022832525AB7B00C8F1E6 /* XCRemoteSwiftPackageReference "JTAppleCalendar" */ = {
			isa = XCRemoteSwiftPackageReference;
			repositoryURL = "https://github.com/patchthecode/JTAppleCalendar.git";
			requirement = {
				kind = upToNextMajorVersion;
				minimumVersion = 8.0.3;
			};
		};
/* End XCRemoteSwiftPackageReference section */

/* Begin XCSwiftPackageProductDependency section */
		B7F022842525AB7B00C8F1E6 /* JTAppleCalendar */ = {
			isa = XCSwiftPackageProductDependency;
			package = B7F022832525AB7B00C8F1E6 /* XCRemoteSwiftPackageReference "JTAppleCalendar" */;
			productName = JTAppleCalendar;
		};
/* End XCSwiftPackageProductDependency section */
	};
	rootObject = B7F022632525AABB00C8F1E6 /* Project object */;
}
